
Microsoft Visual Studio Solution File, Format Version 12.00
# Visual Studio Version 17
VisualStudioVersion = 17.14.36408.4 d17.14
MinimumVisualStudioVersion = 10.0.40219.1
Project("{FAE04EC0-301F-11D3-BF4B-00C04F79EFBC}") = "ClaimsSystem", "ClaimsSystem\ClaimsSystem.csproj", "{B549AEF1-A65C-4792-9546-71E745416902}"
EndProject
Global
	GlobalSection(SolutionConfigurationPlatforms) = preSolution
		Debug|Any CPU = Debug|Any CPU
		Release|Any CPU = Release|Any CPU
	EndGlobalSection
	GlobalSection(ProjectConfigurationPlatforms) = postSolution
		{B549AEF1-A65C-4792-9546-71E745416902}.Debug|Any CPU.ActiveCfg = Debug|Any CPU
		{B549AEF1-A65C-4792-9546-71E745416902}.Debug|Any CPU.Build.0 = Debug|Any CPU
		{B549AEF1-A65C-4792-9546-71E745416902}.Release|Any CPU.ActiveCfg = Release|Any CPU
		{B549AEF1-A65C-4792-9546-71E745416902}.Release|Any CPU.Build.0 = Release|Any CPU
	EndGlobalSection
	GlobalSection(SolutionProperties) = preSolution
		HideSolutionNode = FALSE
	EndGlobalSection
	GlobalSection(ExtensibilityGlobals) = postSolution
		SolutionGuid = {D762534A-D740-4E41-8C15-411F27904DDC}
	EndGlobalSection
EndGlobal
